
Microsoft Visual Studio Solution File, Format Version 12.00
# Visual Studio Version 17
VisualStudioVersion = 17.7.34031.279
MinimumVisualStudioVersion = 10.0.40219.1
Project("{FAE04EC0-301F-11D3-BF4B-00C04F79EFBC}") = "CodeSprintFinal", "CodeSprintFinal.csproj", "{387C5366-66B8-4118-92D6-109785F8CDE4}"
EndProject
Global
	GlobalSection(SolutionConfigurationPlatforms) = preSolution
		Debug|Any CPU = Debug|Any CPU
		Release|Any CPU = Release|Any CPU
	EndGlobalSection
	GlobalSection(ProjectConfigurationPlatforms) = postSolution
		{387C5366-66B8-4118-92D6-109785F8CDE4}.Debug|Any CPU.ActiveCfg = Debug|Any CPU
		{387C5366-66B8-4118-92D6-109785F8CDE4}.Debug|Any CPU.Build.0 = Debug|Any CPU
		{387C5366-66B8-4118-92D6-109785F8CDE4}.Release|Any CPU.ActiveCfg = Release|Any CPU
		{387C5366-66B8-4118-92D6-109785F8CDE4}.Release|Any CPU.Build.0 = Release|Any CPU
	EndGlobalSection
	GlobalSection(SolutionProperties) = preSolution
		HideSolutionNode = FALSE
	EndGlobalSection
	GlobalSection(ExtensibilityGlobals) = postSolution
		SolutionGuid = {4D7FBCA8-8E0C-4E3D-A15B-26680D658611}
	EndGlobalSection
EndGlobal
